
Microsoft Visual Studio Solution File, Format Version 12.00
# Visual Studio Version 16
VisualStudioVersion = 16.0.29215.179
MinimumVisualStudioVersion = 10.0.40219.1
Project("{FAE04EC0-301F-11D3-BF4B-00C04F79EFBC}") = "Big and Odd", "Big and Odd\Big and Odd.csproj", "{8D41B909-139C-4C4F-B680-7CE53F3E3950}"
EndProject
Global
	GlobalSection(SolutionConfigurationPlatforms) = preSolution
		Debug|Any CPU = Debug|Any CPU
		Release|Any CPU = Release|Any CPU
	EndGlobalSection
	GlobalSection(ProjectConfigurationPlatforms) = postSolution
		{8D41B909-139C-4C4F-B680-7CE53F3E3950}.Debug|Any CPU.ActiveCfg = Debug|Any CPU
		{8D41B909-139C-4C4F-B680-7CE53F3E3950}.Debug|Any CPU.Build.0 = Debug|Any CPU
		{8D41B909-139C-4C4F-B680-7CE53F3E3950}.Release|Any CPU.ActiveCfg = Release|Any CPU
		{8D41B909-139C-4C4F-B680-7CE53F3E3950}.Release|Any CPU.Build.0 = Release|Any CPU
	EndGlobalSection
	GlobalSection(SolutionProperties) = preSolution
		HideSolutionNode = FALSE
	EndGlobalSection
	GlobalSection(ExtensibilityGlobals) = postSolution
		SolutionGuid = {7C2F2908-D7C3-43EA-888A-F3716CD3695D}
	EndGlobalSection
EndGlobal
