
Microsoft Visual Studio Solution File, Format Version 12.00
# Visual Studio Version 16
VisualStudioVersion = 16.0.29215.179
MinimumVisualStudioVersion = 10.0.40219.1
Project("{FAE04EC0-301F-11D3-BF4B-00C04F79EFBC}") = "Pure Divisor", "Pure Divisor\Pure Divisor.csproj", "{170529D3-EB60-42F6-8642-B5D30C12157E}"
EndProject
Global
	GlobalSection(SolutionConfigurationPlatforms) = preSolution
		Debug|Any CPU = Debug|Any CPU
		Release|Any CPU = Release|Any CPU
	EndGlobalSection
	GlobalSection(ProjectConfigurationPlatforms) = postSolution
		{170529D3-EB60-42F6-8642-B5D30C12157E}.Debug|Any CPU.ActiveCfg = Debug|Any CPU
		{170529D3-EB60-42F6-8642-B5D30C12157E}.Debug|Any CPU.Build.0 = Debug|Any CPU
		{170529D3-EB60-42F6-8642-B5D30C12157E}.Release|Any CPU.ActiveCfg = Release|Any CPU
		{170529D3-EB60-42F6-8642-B5D30C12157E}.Release|Any CPU.Build.0 = Release|Any CPU
	EndGlobalSection
	GlobalSection(SolutionProperties) = preSolution
		HideSolutionNode = FALSE
	EndGlobalSection
	GlobalSection(ExtensibilityGlobals) = postSolution
		SolutionGuid = {79C3A964-D220-4525-A840-2CEA75645144}
	EndGlobalSection
EndGlobal
